schema: '2.0'
stages:
  prepare:
    cmd: python src/prepare.py data/raw/House_Rent_10M_balanced_40cities.csv 
      data/prepared
    deps:
    - path: data/raw/House_Rent_10M_balanced_40cities.csv
      hash: md5
      md5: 7a6308392de190de1d087df4af1d9672
      size: 1303141128
    - path: src/prepare.py
      hash: md5
      md5: 94ffe81a07d800a4d46200bdf2be780d
      size: 1927
    - path: src/preprocess.py
      hash: md5
      md5: 07c4999f200c08451cbaf0b4301d461b
      size: 5146
    params:
      params.yaml:
        prepare:
          nrows: 500000
          test_size: 0.2
          random_state: 42
    outs:
    - path: data/prepared
      hash: md5
      md5: 0e9ace488db176c093bd802d6c800dc5.dir
      size: 23876882
      nfiles: 2
  train:
    cmd: python src/train.py data/prepared data/models
    deps:
    - path: data/prepared
      hash: md5
      md5: 0e9ace488db176c093bd802d6c800dc5.dir
      size: 23876882
      nfiles: 2
    - path: src/train.py
      hash: md5
      md5: 4b1f44774d97fa8ff76a123deaea26e0
      size: 7180
    params:
      params.yaml:
        train:
          n_estimators: 100
          max_depth: 20
          min_samples_split: 2
          min_samples_leaf: 1
          max_features: sqrt
          random_state: 42
          experiment_name: House_Rent_Prediction
    outs:
    - path: data/models
      hash: md5
      md5: 1bf4299e9aa2c4ac8a47a8c78c1da2ee.dir
      size: 1615584593
      nfiles: 1
