schema: '2.0'
stages:
  prepare:
    cmd: python src/prepare.py data/raw/House_Rent_10M_balanced_40cities.csv 
      data/prepared
    deps:
    - path: data/raw/House_Rent_10M_balanced_40cities.csv
      hash: md5
      md5: 7a6308392de190de1d087df4af1d9672
      size: 1303141128
    - path: src/prepare.py
      hash: md5
      md5: 94ffe81a07d800a4d46200bdf2be780d
      size: 1927
    - path: src/preprocess.py
      hash: md5
      md5: 07c4999f200c08451cbaf0b4301d461b
      size: 5146
    params:
      params.yaml:
        prepare:
          nrows: 500000
          test_size: 0.2
          random_state: 42
    outs:
    - path: data/prepared
      hash: md5
      md5: 0e9ace488db176c093bd802d6c800dc5.dir
      size: 23876882
      nfiles: 2
  train:
    cmd: python src/train.py data/prepared data/models
    deps:
    - path: data/prepared
      hash: md5
      md5: 0e9ace488db176c093bd802d6c800dc5.dir
      size: 23876882
      nfiles: 2
    - path: src/train.py
      hash: md5
      md5: 4b1f44774d97fa8ff76a123deaea26e0
      size: 7180
    params:
      params.yaml:
        train:
          n_estimators: 100
          max_depth: 20
          min_samples_split: 2
          min_samples_leaf: 1
          max_features: sqrt
          random_state: 42
          experiment_name: House_Rent_Prediction
    outs:
    - path: data/models
      hash: md5
      md5: 1bf4299e9aa2c4ac8a47a8c78c1da2ee.dir
      size: 1615584593
      nfiles: 1
  optimize:
    cmd: python src/optimize.py
    deps:
    - path: config/config.yaml
      hash: md5
      md5: 215003e36a3f0003129a6484ad7bd661
      size: 386
    - path: config/hpo/grid.yaml
      hash: md5
      md5: 220f5cfc1e63b05e4fe0bd7314a58ddd
      size: 548
    - path: config/hpo/optuna.yaml
      hash: md5
      md5: 8b86b6b2a3ff484031b05b60c4bdc5dc
      size: 547
    - path: config/hpo/random.yaml
      hash: md5
      md5: f9d583bcf9232fec1377186ae762668b
      size: 550
    - path: config/model/random_forest.yaml
      hash: md5
      md5: c5d08e6325c0abe349b66ff6f18a8f74
      size: 21
    - path: data/prepared/test.csv
      hash: md5
      md5: b30e6e956e533de88d1e2eb4206f41f9
      size: 4775214
    - path: data/prepared/train.csv
      hash: md5
      md5: c0e97fcf17b07bb2a517fc59fd8a95ea
      size: 19101668
    - path: src/optimize.py
      hash: md5
      md5: 575f93c0ec017b86756272025efd84df
      size: 15083
    outs:
    - path: models/best_model.pkl
      hash: md5
      md5: 695f270b25ef9a495f7a7e7b3c29ab8e
      size: 367813393
